
Microsoft Visual Studio Solution File, Format Version 12.00
# Visual Studio 15
VisualStudioVersion = 15.0.28307.572
MinimumVisualStudioVersion = 10.0.40219.1
Project("{FAE04EC0-301F-11D3-BF4B-00C04F79EFBC}") = "Dice Rolling", "Dice Rolling\Dice Rolling.csproj", "{66281AA6-D840-47E6-8166-878C28EABAF2}"
EndProject
Global
	GlobalSection(SolutionConfigurationPlatforms) = preSolution
		Debug|Any CPU = Debug|Any CPU
		Release|Any CPU = Release|Any CPU
	EndGlobalSection
	GlobalSection(ProjectConfigurationPlatforms) = postSolution
		{66281AA6-D840-47E6-8166-878C28EABAF2}.Debug|Any CPU.ActiveCfg = Debug|Any CPU
		{66281AA6-D840-47E6-8166-878C28EABAF2}.Debug|Any CPU.Build.0 = Debug|Any CPU
		{66281AA6-D840-47E6-8166-878C28EABAF2}.Release|Any CPU.ActiveCfg = Release|Any CPU
		{66281AA6-D840-47E6-8166-878C28EABAF2}.Release|Any CPU.Build.0 = Release|Any CPU
	EndGlobalSection
	GlobalSection(SolutionProperties) = preSolution
		HideSolutionNode = FALSE
	EndGlobalSection
	GlobalSection(ExtensibilityGlobals) = postSolution
		SolutionGuid = {7F6B6B70-AB0F-492A-A3FD-12DE65B6D471}
	EndGlobalSection
EndGlobal
